
Microsoft Visual Studio Solution File, Format Version 12.00
# Visual Studio Version 17
VisualStudioVersion = 17.7.34031.279
MinimumVisualStudioVersion = 10.0.40219.1
Project("{9A19103F-16F7-4668-BE54-9A1E7A4F7556}") = "ReactClinic", "ReactClinic\ReactClinic.csproj", "{C7EDAB1D-22ED-4B72-9BE6-12AF9385F02E}"
EndProject
Global
	GlobalSection(SolutionConfigurationPlatforms) = preSolution
		Debug|Any CPU = Debug|Any CPU
		Release|Any CPU = Release|Any CPU
	EndGlobalSection
	GlobalSection(ProjectConfigurationPlatforms) = postSolution
		{C7EDAB1D-22ED-4B72-9BE6-12AF9385F02E}.Debug|Any CPU.ActiveCfg = Release|Any CPU
		{C7EDAB1D-22ED-4B72-9BE6-12AF9385F02E}.Debug|Any CPU.Build.0 = Release|Any CPU
		{C7EDAB1D-22ED-4B72-9BE6-12AF9385F02E}.Release|Any CPU.ActiveCfg = Release|Any CPU
		{C7EDAB1D-22ED-4B72-9BE6-12AF9385F02E}.Release|Any CPU.Build.0 = Release|Any CPU
	EndGlobalSection
	GlobalSection(SolutionProperties) = preSolution
		HideSolutionNode = FALSE
	EndGlobalSection
	GlobalSection(ExtensibilityGlobals) = postSolution
		SolutionGuid = {3F6E128C-B845-499B-85C1-4E38F2ACE4A5}
	EndGlobalSection
EndGlobal
